
Microsoft Visual Studio Solution File, Format Version 12.00
# Visual Studio Version 17
VisualStudioVersion = 17.3.32929.385
MinimumVisualStudioVersion = 10.0.40219.1
Project("{2150E333-8FDC-42A3-9474-1A3956D46DE8}") = "Lab09_EntityFramework", "Lab09_EntityFramework", "{C36AABBB-43EB-4951-BA8B-65E957F4BF11}"
EndProject
Project("{FAE04EC0-301F-11D3-BF4B-00C04F79EFBC}") = "Exercise01_CustomerManager", "Lab09_EntityFramework\Exercise01_CustomerManager\Exercise01_CustomerManager.csproj", "{02E3CE60-44BD-4609-B038-939C5FDCD226}"
EndProject
Project("{FAE04EC0-301F-11D3-BF4B-00C04F79EFBC}") = "Exercise03_CourseManager", "Lab09_EntityFramework\Exercise03_CourseManager\Exercise03_CourseManager.csproj", "{212627DA-1CA1-42A8-94A9-4C4B7DF33AF7}"
EndProject
Project("{2150E333-8FDC-42A3-9474-1A3956D46DE8}") = "Lab01_DatabaseConnection", "Lab01_DatabaseConnection", "{FAEF49A3-9080-4D6B-913E-A03095F678F5}"
EndProject
Project("{9A19103F-16F7-4668-BE54-9A1E7A4F7556}") = "Exerсise02_05_DBConnection", "Lab01_DatabaseConnection\Exerсise02_05_DBConnection\Exerсise02_05_DBConnection.csproj", "{05E0D67B-4D17-4421-9639-0344CED6DD2A}"
EndProject
Project("{2150E333-8FDC-42A3-9474-1A3956D46DE8}") = "Lab02_Commands", "Lab02_Commands", "{1311CF87-C9D0-41DB-9F76-295FB14243EA}"
EndProject
Project("{9A19103F-16F7-4668-BE54-9A1E7A4F7556}") = "Lab02_DBConnection", "Lab02_Commands\Lab02_DBConnection\Lab02_DBConnection.csproj", "{A791DC04-0612-47DB-A0AF-3484762D98B3}"
EndProject
Project("{2150E333-8FDC-42A3-9474-1A3956D46DE8}") = "Lab03_IDE", "Lab03_IDE", "{38F6B4B5-9BDC-4A4E-A841-A20FFB67AF1B}"
EndProject
Project("{9A19103F-16F7-4668-BE54-9A1E7A4F7556}") = "Exercise01_DSConnect", "Lab03_IDE\Exercise01_DSConnect\Exercise01_DSConnect.csproj", "{12884AA1-FB02-46DC-AFCC-359E4CAC2D77}"
EndProject
Project("{FAE04EC0-301F-11D3-BF4B-00C04F79EFBC}") = "Exercise02_DSConnect", "Lab03_IDE\Exercise02_DSConnect\Exercise02_DSConnect.csproj", "{5F969837-6648-4366-8B5B-3BEFEE22F4A6}"
EndProject
Project("{FAE04EC0-301F-11D3-BF4B-00C04F79EFBC}") = "Exercise03_04_DSConnect", "Lab03_IDE\Exercise03_04_DSConnect\Exercise03_04_DSConnect.csproj", "{B8112D3B-DDEC-425F-A4DD-126AD898B847}"
EndProject
Project("{2150E333-8FDC-42A3-9474-1A3956D46DE8}") = "Lab04_DataSet", "Lab04_DataSet", "{5A00C620-58B8-4287-A18A-A9433CB41FAD}"
EndProject
Project("{FAE04EC0-301F-11D3-BF4B-00C04F79EFBC}") = "Exercise01_DatasetDesigner", "Lab04_DataSet\Exercise01_DatasetDesigner\Exercise01_DatasetDesigner.csproj", "{E7462714-2231-4957-A3A5-5CFFD1E5D7C3}"
EndProject
Project("{FAE04EC0-301F-11D3-BF4B-00C04F79EFBC}") = "Exercise02_CreatingDataTable", "Lab04_DataSet\Exercise02_CreatingDataTable\Exercise02_CreatingDataTable.csproj", "{A644A992-2880-4F84-A55E-02E4A0A6E46E}"
EndProject
Project("{FAE04EC0-301F-11D3-BF4B-00C04F79EFBC}") = "Exercise03_DataAdapterWizard", "Lab04_DataSet\Exercise03_DataAdapterWizard\Exercise03_DataAdapterWizard.csproj", "{00EC7E2E-5683-4928-AE04-F37740C16B58}"
EndProject
Project("{FAE04EC0-301F-11D3-BF4B-00C04F79EFBC}") = "Exercise04_DataAdapterProgram", "Lab04_DataSet\Exercise04_DataAdapterProgram\Exercise04_DataAdapterProgram.csproj", "{4AB4ED52-7C2E-48DE-82DC-658A067F9C16}"
EndProject
Project("{FAE04EC0-301F-11D3-BF4B-00C04F79EFBC}") = "Exercise05_WorkingDataTable", "Lab04_DataSet\Exercise05_WorkingDataTable\Exercise05_WorkingDataTable.csproj", "{6D781252-5E0F-4177-B9B3-8AFB117D2D2E}"
EndProject
Project("{FAE04EC0-301F-11D3-BF4B-00C04F79EFBC}") = "Exercise06_DataViewExample", "Lab04_DataSet\Exercise06_DataViewExample\Exercise06_DataViewExample.csproj", "{E2761ECE-9998-4AEE-91C8-A0F71FA72EE8}"
EndProject
Project("{2150E333-8FDC-42A3-9474-1A3956D46DE8}") = "Lab05_DataLink", "Lab05_DataLink", "{A385581F-95DB-44B4-8341-9C84BA4DDA1E}"
EndProject
Project("{FAE04EC0-301F-11D3-BF4B-00C04F79EFBC}") = "Exercise01_DataSourcesWizard", "Lab05_DataLink\Exercise01_DataSourcesWizard\Exercise01_DataSourcesWizard.csproj", "{8C142CF8-5BB2-42F9-BB13-9EB3274468B1}"
EndProject
Project("{FAE04EC0-301F-11D3-BF4B-00C04F79EFBC}") = "Exercise02_DataBindingSimple", "Lab05_DataLink\Exercise02_DataBindingSimple\Exercise02_DataBindingSimple.csproj", "{AB7E8E88-593E-4734-8C94-2FEAEAC64BFE}"
EndProject
Project("{FAE04EC0-301F-11D3-BF4B-00C04F79EFBC}") = "Exercise03_DataBindingComplex", "Lab05_DataLink\Exercise03_DataBindingComplex\Exercise03_DataBindingComplex.csproj", "{149BC022-C015-4628-96BF-72C0DC1E7524}"
EndProject
Project("{FAE04EC0-301F-11D3-BF4B-00C04F79EFBC}") = "Exercise04_DataGridViewExample", "Lab05_DataLink\Exercise04_DataGridViewExample\Exercise04_DataGridViewExample.csproj", "{58065EE9-AB7A-400F-A5B1-117583898BCA}"
EndProject
Project("{2150E333-8FDC-42A3-9474-1A3956D46DE8}") = "Lab07_LINQ", "Lab07_LINQ", "{04818B9D-1547-4484-AC2F-309A68DBF0FA}"
EndProject
Project("{FAE04EC0-301F-11D3-BF4B-00C04F79EFBC}") = "Exercise01_03_Linq_Student", "Lab07_LINQ\Exercise01_03_Linq_Student\Exercise01_03_Linq_Student.csproj", "{D84FAB46-FEB6-47FE-B27D-C0A7985B079D}"
EndProject
Project("{2150E333-8FDC-42A3-9474-1A3956D46DE8}") = "Lab08_LINQtoSQL", "Lab08_LINQtoSQL", "{789CB43C-F814-49BC-AC61-C443EB0A4D1C}"
EndProject
Project("{FAE04EC0-301F-11D3-BF4B-00C04F79EFBC}") = "Exercise01_02_LINQsql_1", "Lab08_LINQtoSQL\Exercise01_02_LINQsql_1\Exercise01_02_LINQsql_1.csproj", "{C8AB427D-A83C-4A98-ACC3-0FB21C04A466}"
EndProject
Project("{FAE04EC0-301F-11D3-BF4B-00C04F79EFBC}") = "Exercise03_LINQsqlSproc", "Lab08_LINQtoSQL\Exercise03_LINQsqlSproc\Exercise03_LINQsqlSproc.csproj", "{01E039B3-4DA6-4E38-9BBC-D925B5F115A1}"
EndProject
Project("{FAE04EC0-301F-11D3-BF4B-00C04F79EFBC}") = "CodeFirst", "Lab09_EntityFramework\CodeFirst\CodeFirst.csproj", "{A960FEBA-6F81-423F-BC4A-0D41B21A12BC}"
EndProject
Project("{FAE04EC0-301F-11D3-BF4B-00C04F79EFBC}") = "ControlTask", "ControlTask\ControlTask.csproj", "{0BFD3716-5B52-4C76-A652-4302239CF9E5}"
EndProject
Global
	GlobalSection(SolutionConfigurationPlatforms) = preSolution
		Debug|Any CPU = Debug|Any CPU
		Release|Any CPU = Release|Any CPU
	EndGlobalSection
	GlobalSection(ProjectConfigurationPlatforms) = postSolution
		{02E3CE60-44BD-4609-B038-939C5FDCD226}.Debug|Any CPU.ActiveCfg = Debug|Any CPU
		{02E3CE60-44BD-4609-B038-939C5FDCD226}.Debug|Any CPU.Build.0 = Debug|Any CPU
		{02E3CE60-44BD-4609-B038-939C5FDCD226}.Release|Any CPU.ActiveCfg = Release|Any CPU
		{02E3CE60-44BD-4609-B038-939C5FDCD226}.Release|Any CPU.Build.0 = Release|Any CPU
		{212627DA-1CA1-42A8-94A9-4C4B7DF33AF7}.Debug|Any CPU.ActiveCfg = Debug|Any CPU
		{212627DA-1CA1-42A8-94A9-4C4B7DF33AF7}.Debug|Any CPU.Build.0 = Debug|Any CPU
		{212627DA-1CA1-42A8-94A9-4C4B7DF33AF7}.Release|Any CPU.ActiveCfg = Release|Any CPU
		{212627DA-1CA1-42A8-94A9-4C4B7DF33AF7}.Release|Any CPU.Build.0 = Release|Any CPU
		{05E0D67B-4D17-4421-9639-0344CED6DD2A}.Debug|Any CPU.ActiveCfg = Debug|Any CPU
		{05E0D67B-4D17-4421-9639-0344CED6DD2A}.Debug|Any CPU.Build.0 = Debug|Any CPU
		{05E0D67B-4D17-4421-9639-0344CED6DD2A}.Release|Any CPU.ActiveCfg = Release|Any CPU
		{05E0D67B-4D17-4421-9639-0344CED6DD2A}.Release|Any CPU.Build.0 = Release|Any CPU
		{A791DC04-0612-47DB-A0AF-3484762D98B3}.Debug|Any CPU.ActiveCfg = Debug|Any CPU
		{A791DC04-0612-47DB-A0AF-3484762D98B3}.Debug|Any CPU.Build.0 = Debug|Any CPU
		{A791DC04-0612-47DB-A0AF-3484762D98B3}.Release|Any CPU.ActiveCfg = Release|Any CPU
		{A791DC04-0612-47DB-A0AF-3484762D98B3}.Release|Any CPU.Build.0 = Release|Any CPU
		{12884AA1-FB02-46DC-AFCC-359E4CAC2D77}.Debug|Any CPU.ActiveCfg = Debug|Any CPU
		{12884AA1-FB02-46DC-AFCC-359E4CAC2D77}.Debug|Any CPU.Build.0 = Debug|Any CPU
		{12884AA1-FB02-46DC-AFCC-359E4CAC2D77}.Release|Any CPU.ActiveCfg = Release|Any CPU
		{12884AA1-FB02-46DC-AFCC-359E4CAC2D77}.Release|Any CPU.Build.0 = Release|Any CPU
		{5F969837-6648-4366-8B5B-3BEFEE22F4A6}.Debug|Any CPU.ActiveCfg = Debug|Any CPU
		{5F969837-6648-4366-8B5B-3BEFEE22F4A6}.Debug|Any CPU.Build.0 = Debug|Any CPU
		{5F969837-6648-4366-8B5B-3BEFEE22F4A6}.Release|Any CPU.ActiveCfg = Release|Any CPU
		{5F969837-6648-4366-8B5B-3BEFEE22F4A6}.Release|Any CPU.Build.0 = Release|Any CPU
		{B8112D3B-DDEC-425F-A4DD-126AD898B847}.Debug|Any CPU.ActiveCfg = Debug|Any CPU
		{B8112D3B-DDEC-425F-A4DD-126AD898B847}.Debug|Any CPU.Build.0 = Debug|Any CPU
		{B8112D3B-DDEC-425F-A4DD-126AD898B847}.Release|Any CPU.ActiveCfg = Release|Any CPU
		{B8112D3B-DDEC-425F-A4DD-126AD898B847}.Release|Any CPU.Build.0 = Release|Any CPU
		{E7462714-2231-4957-A3A5-5CFFD1E5D7C3}.Debug|Any CPU.ActiveCfg = Debug|Any CPU
		{E7462714-2231-4957-A3A5-5CFFD1E5D7C3}.Debug|Any CPU.Build.0 = Debug|Any CPU
		{E7462714-2231-4957-A3A5-5CFFD1E5D7C3}.Release|Any CPU.ActiveCfg = Release|Any CPU
		{E7462714-2231-4957-A3A5-5CFFD1E5D7C3}.Release|Any CPU.Build.0 = Release|Any CPU
		{A644A992-2880-4F84-A55E-02E4A0A6E46E}.Debug|Any CPU.ActiveCfg = Debug|Any CPU
		{A644A992-2880-4F84-A55E-02E4A0A6E46E}.Debug|Any CPU.Build.0 = Debug|Any CPU
		{A644A992-2880-4F84-A55E-02E4A0A6E46E}.Release|Any CPU.ActiveCfg = Release|Any CPU
		{A644A992-2880-4F84-A55E-02E4A0A6E46E}.Release|Any CPU.Build.0 = Release|Any CPU
		{00EC7E2E-5683-4928-AE04-F37740C16B58}.Debug|Any CPU.ActiveCfg = Debug|Any CPU
		{00EC7E2E-5683-4928-AE04-F37740C16B58}.Debug|Any CPU.Build.0 = Debug|Any CPU
		{00EC7E2E-5683-4928-AE04-F37740C16B58}.Release|Any CPU.ActiveCfg = Release|Any CPU
		{00EC7E2E-5683-4928-AE04-F37740C16B58}.Release|Any CPU.Build.0 = Release|Any CPU
		{4AB4ED52-7C2E-48DE-82DC-658A067F9C16}.Debug|Any CPU.ActiveCfg = Debug|Any CPU
		{4AB4ED52-7C2E-48DE-82DC-658A067F9C16}.Debug|Any CPU.Build.0 = Debug|Any CPU
		{4AB4ED52-7C2E-48DE-82DC-658A067F9C16}.Release|Any CPU.ActiveCfg = Release|Any CPU
		{4AB4ED52-7C2E-48DE-82DC-658A067F9C16}.Release|Any CPU.Build.0 = Release|Any CPU
		{6D781252-5E0F-4177-B9B3-8AFB117D2D2E}.Debug|Any CPU.ActiveCfg = Debug|Any CPU
		{6D781252-5E0F-4177-B9B3-8AFB117D2D2E}.Debug|Any CPU.Build.0 = Debug|Any CPU
		{6D781252-5E0F-4177-B9B3-8AFB117D2D2E}.Release|Any CPU.ActiveCfg = Release|Any CPU
		{6D781252-5E0F-4177-B9B3-8AFB117D2D2E}.Release|Any CPU.Build.0 = Release|Any CPU
		{E2761ECE-9998-4AEE-91C8-A0F71FA72EE8}.Debug|Any CPU.ActiveCfg = Debug|Any CPU
		{E2761ECE-9998-4AEE-91C8-A0F71FA72EE8}.Debug|Any CPU.Build.0 = Debug|Any CPU
		{E2761ECE-9998-4AEE-91C8-A0F71FA72EE8}.Release|Any CPU.ActiveCfg = Release|Any CPU
		{E2761ECE-9998-4AEE-91C8-A0F71FA72EE8}.Release|Any CPU.Build.0 = Release|Any CPU
		{8C142CF8-5BB2-42F9-BB13-9EB3274468B1}.Debug|Any CPU.ActiveCfg = Debug|Any CPU
		{8C142CF8-5BB2-42F9-BB13-9EB3274468B1}.Debug|Any CPU.Build.0 = Debug|Any CPU
		{8C142CF8-5BB2-42F9-BB13-9EB3274468B1}.Release|Any CPU.ActiveCfg = Release|Any CPU
		{8C142CF8-5BB2-42F9-BB13-9EB3274468B1}.Release|Any CPU.Build.0 = Release|Any CPU
		{AB7E8E88-593E-4734-8C94-2FEAEAC64BFE}.Debug|Any CPU.ActiveCfg = Debug|Any CPU
		{AB7E8E88-593E-4734-8C94-2FEAEAC64BFE}.Debug|Any CPU.Build.0 = Debug|Any CPU
		{AB7E8E88-593E-4734-8C94-2FEAEAC64BFE}.Release|Any CPU.ActiveCfg = Release|Any CPU
		{AB7E8E88-593E-4734-8C94-2FEAEAC64BFE}.Release|Any CPU.Build.0 = Release|Any CPU
		{149BC022-C015-4628-96BF-72C0DC1E7524}.Debug|Any CPU.ActiveCfg = Debug|Any CPU
		{149BC022-C015-4628-96BF-72C0DC1E7524}.Debug|Any CPU.Build.0 = Debug|Any CPU
		{149BC022-C015-4628-96BF-72C0DC1E7524}.Release|Any CPU.ActiveCfg = Release|Any CPU
		{149BC022-C015-4628-96BF-72C0DC1E7524}.Release|Any CPU.Build.0 = Release|Any CPU
		{58065EE9-AB7A-400F-A5B1-117583898BCA}.Debug|Any CPU.ActiveCfg = Debug|Any CPU
		{58065EE9-AB7A-400F-A5B1-117583898BCA}.Debug|Any CPU.Build.0 = Debug|Any CPU
		{58065EE9-AB7A-400F-A5B1-117583898BCA}.Release|Any CPU.ActiveCfg = Release|Any CPU
		{58065EE9-AB7A-400F-A5B1-117583898BCA}.Release|Any CPU.Build.0 = Release|Any CPU
		{D84FAB46-FEB6-47FE-B27D-C0A7985B079D}.Debug|Any CPU.ActiveCfg = Debug|Any CPU
		{D84FAB46-FEB6-47FE-B27D-C0A7985B079D}.Debug|Any CPU.Build.0 = Debug|Any CPU
		{D84FAB46-FEB6-47FE-B27D-C0A7985B079D}.Release|Any CPU.ActiveCfg = Release|Any CPU
		{D84FAB46-FEB6-47FE-B27D-C0A7985B079D}.Release|Any CPU.Build.0 = Release|Any CPU
		{C8AB427D-A83C-4A98-ACC3-0FB21C04A466}.Debug|Any CPU.ActiveCfg = Debug|Any CPU
		{C8AB427D-A83C-4A98-ACC3-0FB21C04A466}.Debug|Any CPU.Build.0 = Debug|Any CPU
		{C8AB427D-A83C-4A98-ACC3-0FB21C04A466}.Release|Any CPU.ActiveCfg = Release|Any CPU
		{C8AB427D-A83C-4A98-ACC3-0FB21C04A466}.Release|Any CPU.Build.0 = Release|Any CPU
		{01E039B3-4DA6-4E38-9BBC-D925B5F115A1}.Debug|Any CPU.ActiveCfg = Debug|Any CPU
		{01E039B3-4DA6-4E38-9BBC-D925B5F115A1}.Debug|Any CPU.Build.0 = Debug|Any CPU
		{01E039B3-4DA6-4E38-9BBC-D925B5F115A1}.Release|Any CPU.ActiveCfg = Release|Any CPU
		{01E039B3-4DA6-4E38-9BBC-D925B5F115A1}.Release|Any CPU.Build.0 = Release|Any CPU
		{A960FEBA-6F81-423F-BC4A-0D41B21A12BC}.Debug|Any CPU.ActiveCfg = Debug|Any CPU
		{A960FEBA-6F81-423F-BC4A-0D41B21A12BC}.Debug|Any CPU.Build.0 = Debug|Any CPU
		{A960FEBA-6F81-423F-BC4A-0D41B21A12BC}.Release|Any CPU.ActiveCfg = Release|Any CPU
		{A960FEBA-6F81-423F-BC4A-0D41B21A12BC}.Release|Any CPU.Build.0 = Release|Any CPU
		{0BFD3716-5B52-4C76-A652-4302239CF9E5}.Debug|Any CPU.ActiveCfg = Debug|Any CPU
		{0BFD3716-5B52-4C76-A652-4302239CF9E5}.Debug|Any CPU.Build.0 = Debug|Any CPU
		{0BFD3716-5B52-4C76-A652-4302239CF9E5}.Release|Any CPU.ActiveCfg = Release|Any CPU
		{0BFD3716-5B52-4C76-A652-4302239CF9E5}.Release|Any CPU.Build.0 = Release|Any CPU
	EndGlobalSection
	GlobalSection(SolutionProperties) = preSolution
		HideSolutionNode = FALSE
	EndGlobalSection
	GlobalSection(NestedProjects) = preSolution
		{02E3CE60-44BD-4609-B038-939C5FDCD226} = {C36AABBB-43EB-4951-BA8B-65E957F4BF11}
		{212627DA-1CA1-42A8-94A9-4C4B7DF33AF7} = {C36AABBB-43EB-4951-BA8B-65E957F4BF11}
		{05E0D67B-4D17-4421-9639-0344CED6DD2A} = {FAEF49A3-9080-4D6B-913E-A03095F678F5}
		{A791DC04-0612-47DB-A0AF-3484762D98B3} = {1311CF87-C9D0-41DB-9F76-295FB14243EA}
		{12884AA1-FB02-46DC-AFCC-359E4CAC2D77} = {38F6B4B5-9BDC-4A4E-A841-A20FFB67AF1B}
		{5F969837-6648-4366-8B5B-3BEFEE22F4A6} = {38F6B4B5-9BDC-4A4E-A841-A20FFB67AF1B}
		{B8112D3B-DDEC-425F-A4DD-126AD898B847} = {38F6B4B5-9BDC-4A4E-A841-A20FFB67AF1B}
		{E7462714-2231-4957-A3A5-5CFFD1E5D7C3} = {5A00C620-58B8-4287-A18A-A9433CB41FAD}
		{A644A992-2880-4F84-A55E-02E4A0A6E46E} = {5A00C620-58B8-4287-A18A-A9433CB41FAD}
		{00EC7E2E-5683-4928-AE04-F37740C16B58} = {5A00C620-58B8-4287-A18A-A9433CB41FAD}
		{4AB4ED52-7C2E-48DE-82DC-658A067F9C16} = {5A00C620-58B8-4287-A18A-A9433CB41FAD}
		{6D781252-5E0F-4177-B9B3-8AFB117D2D2E} = {5A00C620-58B8-4287-A18A-A9433CB41FAD}
		{E2761ECE-9998-4AEE-91C8-A0F71FA72EE8} = {5A00C620-58B8-4287-A18A-A9433CB41FAD}
		{8C142CF8-5BB2-42F9-BB13-9EB3274468B1} = {A385581F-95DB-44B4-8341-9C84BA4DDA1E}
		{AB7E8E88-593E-4734-8C94-2FEAEAC64BFE} = {A385581F-95DB-44B4-8341-9C84BA4DDA1E}
		{149BC022-C015-4628-96BF-72C0DC1E7524} = {A385581F-95DB-44B4-8341-9C84BA4DDA1E}
		{58065EE9-AB7A-400F-A5B1-117583898BCA} = {A385581F-95DB-44B4-8341-9C84BA4DDA1E}
		{D84FAB46-FEB6-47FE-B27D-C0A7985B079D} = {04818B9D-1547-4484-AC2F-309A68DBF0FA}
		{C8AB427D-A83C-4A98-ACC3-0FB21C04A466} = {789CB43C-F814-49BC-AC61-C443EB0A4D1C}
		{01E039B3-4DA6-4E38-9BBC-D925B5F115A1} = {789CB43C-F814-49BC-AC61-C443EB0A4D1C}
		{A960FEBA-6F81-423F-BC4A-0D41B21A12BC} = {C36AABBB-43EB-4951-BA8B-65E957F4BF11}
	EndGlobalSection
	GlobalSection(ExtensibilityGlobals) = postSolution
		SolutionGuid = {AE3E2C83-A37A-48DE-A800-759ADE1C9822}
	EndGlobalSection
EndGlobal
