
Microsoft Visual Studio Solution File, Format Version 12.00
# Visual Studio Version 17
VisualStudioVersion = 17.3.32929.385
MinimumVisualStudioVersion = 10.0.40219.1
Project("{FAE04EC0-301F-11D3-BF4B-00C04F79EFBC}") = "Divider", "Divider\Divider.csproj", "{045FD3A3-A647-4C3C-85FE-E7DD39D239E8}"
EndProject
Global
	GlobalSection(SolutionConfigurationPlatforms) = preSolution
		Debug|Any CPU = Debug|Any CPU
		Release|Any CPU = Release|Any CPU
	EndGlobalSection
	GlobalSection(ProjectConfigurationPlatforms) = postSolution
		{045FD3A3-A647-4C3C-85FE-E7DD39D239E8}.Debug|Any CPU.ActiveCfg = Debug|Any CPU
		{045FD3A3-A647-4C3C-85FE-E7DD39D239E8}.Debug|Any CPU.Build.0 = Debug|Any CPU
		{045FD3A3-A647-4C3C-85FE-E7DD39D239E8}.Release|Any CPU.ActiveCfg = Release|Any CPU
		{045FD3A3-A647-4C3C-85FE-E7DD39D239E8}.Release|Any CPU.Build.0 = Release|Any CPU
	EndGlobalSection
	GlobalSection(SolutionProperties) = preSolution
		HideSolutionNode = FALSE
	EndGlobalSection
	GlobalSection(ExtensibilityGlobals) = postSolution
		SolutionGuid = {B5B8D26D-7DBD-4EEB-B1D0-38B9D93FCB78}
	EndGlobalSection
EndGlobal
