
Microsoft Visual Studio Solution File, Format Version 12.00
# Visual Studio Version 17
VisualStudioVersion = 17.3.32929.385
MinimumVisualStudioVersion = 10.0.40219.1
Project("{FAE04EC0-301F-11D3-BF4B-00C04F79EFBC}") = "StructType", "StructType\StructType.csproj", "{6C298DA5-F24C-40B4-836E-D9D8417D9F9B}"
EndProject
Global
	GlobalSection(SolutionConfigurationPlatforms) = preSolution
		Debug|Any CPU = Debug|Any CPU
		Release|Any CPU = Release|Any CPU
	EndGlobalSection
	GlobalSection(ProjectConfigurationPlatforms) = postSolution
		{6C298DA5-F24C-40B4-836E-D9D8417D9F9B}.Debug|Any CPU.ActiveCfg = Debug|Any CPU
		{6C298DA5-F24C-40B4-836E-D9D8417D9F9B}.Debug|Any CPU.Build.0 = Debug|Any CPU
		{6C298DA5-F24C-40B4-836E-D9D8417D9F9B}.Release|Any CPU.ActiveCfg = Release|Any CPU
		{6C298DA5-F24C-40B4-836E-D9D8417D9F9B}.Release|Any CPU.Build.0 = Release|Any CPU
	EndGlobalSection
	GlobalSection(SolutionProperties) = preSolution
		HideSolutionNode = FALSE
	EndGlobalSection
	GlobalSection(ExtensibilityGlobals) = postSolution
		SolutionGuid = {DFDD188C-A88E-4625-8F74-7A8CB424A645}
	EndGlobalSection
EndGlobal
