
Microsoft Visual Studio Solution File, Format Version 12.00
# Visual Studio Version 17
VisualStudioVersion = 17.3.32929.385
MinimumVisualStudioVersion = 10.0.40219.1
Project("{FAE04EC0-301F-11D3-BF4B-00C04F79EFBC}") = "WpfHello", "WpfHello.csproj", "{7BC44A98-1F65-475D-B433-3BD86E1988BA}"
EndProject
Global
	GlobalSection(SolutionConfigurationPlatforms) = preSolution
		Debug|Any CPU = Debug|Any CPU
		Release|Any CPU = Release|Any CPU
	EndGlobalSection
	GlobalSection(ProjectConfigurationPlatforms) = postSolution
		{7BC44A98-1F65-475D-B433-3BD86E1988BA}.Debug|Any CPU.ActiveCfg = Debug|Any CPU
		{7BC44A98-1F65-475D-B433-3BD86E1988BA}.Debug|Any CPU.Build.0 = Debug|Any CPU
		{7BC44A98-1F65-475D-B433-3BD86E1988BA}.Release|Any CPU.ActiveCfg = Release|Any CPU
		{7BC44A98-1F65-475D-B433-3BD86E1988BA}.Release|Any CPU.Build.0 = Release|Any CPU
	EndGlobalSection
	GlobalSection(SolutionProperties) = preSolution
		HideSolutionNode = FALSE
	EndGlobalSection
	GlobalSection(ExtensibilityGlobals) = postSolution
		SolutionGuid = {974BDB34-79B5-4B9D-B5CC-3119B3088C54}
	EndGlobalSection
EndGlobal
