
Microsoft Visual Studio Solution File, Format Version 12.00
# Visual Studio Version 17
VisualStudioVersion = 17.3.32929.385
MinimumVisualStudioVersion = 10.0.40219.1
Project("{FAE04EC0-301F-11D3-BF4B-00C04F79EFBC}") = "WindowsFormsChart", "WindowsFormsChart.csproj", "{2EAD809F-F85B-4D52-BB18-E68083470DEE}"
EndProject
Global
	GlobalSection(SolutionConfigurationPlatforms) = preSolution
		Debug|Any CPU = Debug|Any CPU
		Release|Any CPU = Release|Any CPU
	EndGlobalSection
	GlobalSection(ProjectConfigurationPlatforms) = postSolution
		{2EAD809F-F85B-4D52-BB18-E68083470DEE}.Debug|Any CPU.ActiveCfg = Debug|Any CPU
		{2EAD809F-F85B-4D52-BB18-E68083470DEE}.Debug|Any CPU.Build.0 = Debug|Any CPU
		{2EAD809F-F85B-4D52-BB18-E68083470DEE}.Release|Any CPU.ActiveCfg = Release|Any CPU
		{2EAD809F-F85B-4D52-BB18-E68083470DEE}.Release|Any CPU.Build.0 = Release|Any CPU
	EndGlobalSection
	GlobalSection(SolutionProperties) = preSolution
		HideSolutionNode = FALSE
	EndGlobalSection
	GlobalSection(ExtensibilityGlobals) = postSolution
		SolutionGuid = {E73C0BC9-D2F0-489A-941F-D1BDF898B2CB}
	EndGlobalSection
EndGlobal
