
Microsoft Visual Studio Solution File, Format Version 12.00
# Visual Studio Version 17
VisualStudioVersion = 17.3.32929.385
MinimumVisualStudioVersion = 10.0.40219.1
Project("{FAE04EC0-301F-11D3-BF4B-00C04F79EFBC}") = "StructType", "StructType\StructType.csproj", "{24BF91AF-5D0E-47D2-8F99-F20472915A39}"
EndProject
Global
	GlobalSection(SolutionConfigurationPlatforms) = preSolution
		Debug|Any CPU = Debug|Any CPU
		Release|Any CPU = Release|Any CPU
	EndGlobalSection
	GlobalSection(ProjectConfigurationPlatforms) = postSolution
		{24BF91AF-5D0E-47D2-8F99-F20472915A39}.Debug|Any CPU.ActiveCfg = Debug|Any CPU
		{24BF91AF-5D0E-47D2-8F99-F20472915A39}.Debug|Any CPU.Build.0 = Debug|Any CPU
		{24BF91AF-5D0E-47D2-8F99-F20472915A39}.Release|Any CPU.ActiveCfg = Release|Any CPU
		{24BF91AF-5D0E-47D2-8F99-F20472915A39}.Release|Any CPU.Build.0 = Release|Any CPU
	EndGlobalSection
	GlobalSection(SolutionProperties) = preSolution
		HideSolutionNode = FALSE
	EndGlobalSection
	GlobalSection(ExtensibilityGlobals) = postSolution
		SolutionGuid = {6C9E4B72-B8C7-4384-B79D-F9B3DD59AEF7}
	EndGlobalSection
EndGlobal
