
Microsoft Visual Studio Solution File, Format Version 12.00
# Visual Studio Version 17
VisualStudioVersion = 17.3.32929.385
MinimumVisualStudioVersion = 10.0.40219.1
Project("{FAE04EC0-301F-11D3-BF4B-00C04F79EFBC}") = "BiblWorm", "BiblWorm.csproj", "{95FE377B-4D06-491C-9048-C538236BD038}"
EndProject
Global
	GlobalSection(SolutionConfigurationPlatforms) = preSolution
		Debug|Any CPU = Debug|Any CPU
		Release|Any CPU = Release|Any CPU
	EndGlobalSection
	GlobalSection(ProjectConfigurationPlatforms) = postSolution
		{95FE377B-4D06-491C-9048-C538236BD038}.Debug|Any CPU.ActiveCfg = Debug|Any CPU
		{95FE377B-4D06-491C-9048-C538236BD038}.Debug|Any CPU.Build.0 = Debug|Any CPU
		{95FE377B-4D06-491C-9048-C538236BD038}.Release|Any CPU.ActiveCfg = Release|Any CPU
		{95FE377B-4D06-491C-9048-C538236BD038}.Release|Any CPU.Build.0 = Release|Any CPU
	EndGlobalSection
	GlobalSection(SolutionProperties) = preSolution
		HideSolutionNode = FALSE
	EndGlobalSection
	GlobalSection(ExtensibilityGlobals) = postSolution
		SolutionGuid = {FE6D1B12-F7C6-4D67-824B-D6CF7A8F43BE}
	EndGlobalSection
EndGlobal
