
Microsoft Visual Studio Solution File, Format Version 12.00
# Visual Studio Version 17
VisualStudioVersion = 17.4.33205.214
MinimumVisualStudioVersion = 10.0.40219.1
Project("{9A19103F-16F7-4668-BE54-9A1E7A4F7556}") = "Ex02_WpfHello", "Ex02_WpfHello.csproj", "{12268C32-C692-4A56-B43B-CCE1C093C816}"
EndProject
Global
	GlobalSection(SolutionConfigurationPlatforms) = preSolution
		Debug|Any CPU = Debug|Any CPU
		Release|Any CPU = Release|Any CPU
	EndGlobalSection
	GlobalSection(ProjectConfigurationPlatforms) = postSolution
		{12268C32-C692-4A56-B43B-CCE1C093C816}.Debug|Any CPU.ActiveCfg = Debug|Any CPU
		{12268C32-C692-4A56-B43B-CCE1C093C816}.Debug|Any CPU.Build.0 = Debug|Any CPU
		{12268C32-C692-4A56-B43B-CCE1C093C816}.Release|Any CPU.ActiveCfg = Release|Any CPU
		{12268C32-C692-4A56-B43B-CCE1C093C816}.Release|Any CPU.Build.0 = Release|Any CPU
	EndGlobalSection
	GlobalSection(SolutionProperties) = preSolution
		HideSolutionNode = FALSE
	EndGlobalSection
	GlobalSection(ExtensibilityGlobals) = postSolution
		SolutionGuid = {F2B5539B-F188-4695-A74F-AFA3E7C61EEF}
	EndGlobalSection
EndGlobal
